
Microsoft Visual Studio Solution File, Format Version 12.00
# Visual Studio 15
VisualStudioVersion = 15.0.28307.329
MinimumVisualStudioVersion = 10.0.40219.1
Project("{9A19103F-16F7-4668-BE54-9A1E7A4F7556}") = "BrowserGame", "BrowserGame\BrowserGame.csproj", "{67F4D2FB-BE64-4521-A7AC-C4245C5F7600}"
EndProject
Project("{FAE04EC0-301F-11D3-BF4B-00C04F79EFBC}") = "BG_DAL", "BG_DAL\BG_DAL.csproj", "{2DAE1B6C-9953-406F-90A2-A7A845127FA3}"
EndProject
Project("{FAE04EC0-301F-11D3-BF4B-00C04F79EFBC}") = "BG_BLL", "BG_BLL\BG_BLL.csproj", "{5730429E-3FD6-4B46-836A-645331BD0C5D}"
EndProject
Global
	GlobalSection(SolutionConfigurationPlatforms) = preSolution
		Debug|Any CPU = Debug|Any CPU
		Release|Any CPU = Release|Any CPU
	EndGlobalSection
	GlobalSection(ProjectConfigurationPlatforms) = postSolution
		{67F4D2FB-BE64-4521-A7AC-C4245C5F7600}.Debug|Any CPU.ActiveCfg = Debug|Any CPU
		{67F4D2FB-BE64-4521-A7AC-C4245C5F7600}.Debug|Any CPU.Build.0 = Debug|Any CPU
		{67F4D2FB-BE64-4521-A7AC-C4245C5F7600}.Release|Any CPU.ActiveCfg = Release|Any CPU
		{67F4D2FB-BE64-4521-A7AC-C4245C5F7600}.Release|Any CPU.Build.0 = Release|Any CPU
		{2DAE1B6C-9953-406F-90A2-A7A845127FA3}.Debug|Any CPU.ActiveCfg = Debug|Any CPU
		{2DAE1B6C-9953-406F-90A2-A7A845127FA3}.Debug|Any CPU.Build.0 = Debug|Any CPU
		{2DAE1B6C-9953-406F-90A2-A7A845127FA3}.Release|Any CPU.ActiveCfg = Release|Any CPU
		{2DAE1B6C-9953-406F-90A2-A7A845127FA3}.Release|Any CPU.Build.0 = Release|Any CPU
		{5730429E-3FD6-4B46-836A-645331BD0C5D}.Debug|Any CPU.ActiveCfg = Debug|Any CPU
		{5730429E-3FD6-4B46-836A-645331BD0C5D}.Debug|Any CPU.Build.0 = Debug|Any CPU
		{5730429E-3FD6-4B46-836A-645331BD0C5D}.Release|Any CPU.ActiveCfg = Release|Any CPU
		{5730429E-3FD6-4B46-836A-645331BD0C5D}.Release|Any CPU.Build.0 = Release|Any CPU
	EndGlobalSection
	GlobalSection(SolutionProperties) = preSolution
		HideSolutionNode = FALSE
	EndGlobalSection
	GlobalSection(ExtensibilityGlobals) = postSolution
		SolutionGuid = {E1987DE2-77A4-49B1-A7BE-065889630F8F}
	EndGlobalSection
EndGlobal
